// !$*UTF8*$!
{
	archiveVersion = 1;
	classes = {
	};
	objectVersion = 56;
	objects = {

/* Begin PBXBuildFile section */
		315EE8752A6BCFAD0022DA14 /* Question.swift in Sources */ = {isa = PBXBuildFile; fileRef = 315EE8742A6BCFAD0022DA14 /* Question.swift */; };
		31A1918D2A6E5D99001B20C9 /* QuizStore.swift in Sources */ = {isa = PBXBuildFile; fileRef = 31A1918C2A6E5D99001B20C9 /* QuizStore.swift */; };
		31A744082A69422000EA9B2F /* AppDelegate.swift in Sources */ = {isa = PBXBuildFile; fileRef = 31A744072A69422000EA9B2F /* AppDelegate.swift */; };
		31A7440A2A69422000EA9B2F /* SceneDelegate.swift in Sources */ = {isa = PBXBuildFile; fileRef = 31A744092A69422000EA9B2F /* SceneDelegate.swift */; };
		31A7440C2A69422000EA9B2F /* ViewController.swift in Sources */ = {isa = PBXBuildFile; fileRef = 31A7440B2A69422000EA9B2F /* ViewController.swift */; };
		31A7440F2A69422000EA9B2F /* Main.storyboard in Resources */ = {isa = PBXBuildFile; fileRef = 31A7440D2A69422000EA9B2F /* Main.storyboard */; };
		31A744142A69422100EA9B2F /* LaunchScreen.storyboard in Resources */ = {isa = PBXBuildFile; fileRef = 31A744122A69422100EA9B2F /* LaunchScreen.storyboard */; };
		31A7441E2A6942C000EA9B2F /* Assets.xcassets in Resources */ = {isa = PBXBuildFile; fileRef = 31A7441D2A6942C000EA9B2F /* Assets.xcassets */; };
/* End PBXBuildFile section */

/* Begin PBXFileReference section */
		315EE8742A6BCFAD0022DA14 /* Question.swift */ = {isa = PBXFileReference; lastKnownFileType = sourcecode.swift; path = Question.swift; sourceTree = "<group>"; };
		31A1918C2A6E5D99001B20C9 /* QuizStore.swift */ = {isa = PBXFileReference; lastKnownFileType = sourcecode.swift; path = QuizStore.swift; sourceTree = "<group>"; };
		31A744042A69421F00EA9B2F /* quizzler.app */ = {isa = PBXFileReference; explicitFileType = wrapper.application; includeInIndex = 0; path = quizzler.app; sourceTree = BUILT_PRODUCTS_DIR; };
		31A744072A69422000EA9B2F /* AppDelegate.swift */ = {isa = PBXFileReference; lastKnownFileType = sourcecode.swift; path = AppDelegate.swift; sourceTree = "<group>"; };
		31A744092A69422000EA9B2F /* SceneDelegate.swift */ = {isa = PBXFileReference; lastKnownFileType = sourcecode.swift; path = SceneDelegate.swift; sourceTree = "<group>"; };
		31A7440B2A69422000EA9B2F /* ViewController.swift */ = {isa = PBXFileReference; lastKnownFileType = sourcecode.swift; path = ViewController.swift; sourceTree = "<group>"; };
		31A7440E2A69422000EA9B2F /* Base */ = {isa = PBXFileReference; lastKnownFileType = file.storyboard; name = Base; path = Base.lproj/Main.storyboard; sourceTree = "<group>"; };
		31A744132A69422100EA9B2F /* Base */ = {isa = PBXFileReference; lastKnownFileType = file.storyboard; name = Base; path = Base.lproj/LaunchScreen.storyboard; sourceTree = "<group>"; };
		31A744152A69422100EA9B2F /* Info.plist */ = {isa = PBXFileReference; lastKnownFileType = text.plist.xml; path = Info.plist; sourceTree = "<group>"; };
		31A7441D2A6942C000EA9B2F /* Assets.xcassets */ = {isa = PBXFileReference; lastKnownFileType = folder.assetcatalog; path = Assets.xcassets; sourceTree = "<group>"; };
/* End PBXFileReference section */

/* Begin PBXFrameworksBuildPhase section */
		31A744012A69421F00EA9B2F /* Frameworks */ = {
			isa = PBXFrameworksBuildPhase;
			buildActionMask = 2147483647;
			files = (
			);
			runOnlyForDeploymentPostprocessing = 0;
		};
/* End PBXFrameworksBuildPhase section */

/* Begin PBXGroup section */
		31A191892A6E5CB7001B20C9 /* Model */ = {
			isa = PBXGroup;
			children = (
				315EE8742A6BCFAD0022DA14 /* Question.swift */,
				31A1918C2A6E5D99001B20C9 /* QuizStore.swift */,
			);
			path = Model;
			sourceTree = "<group>";
		};
		31A1918A2A6E5CBE001B20C9 /* View */ = {
			isa = PBXGroup;
			children = (
				31A7440D2A69422000EA9B2F /* Main.storyboard */,
			);
			path = View;
			sourceTree = "<group>";
		};
		31A1918B2A6E5CC6001B20C9 /* Controller */ = {
			isa = PBXGroup;
			children = (
				31A7440B2A69422000EA9B2F /* ViewController.swift */,
			);
			path = Controller;
			sourceTree = "<group>";
		};
		31A743FB2A69421F00EA9B2F = {
			isa = PBXGroup;
			children = (
				31A744062A69421F00EA9B2F /* quizzler */,
				31A744052A69421F00EA9B2F /* Products */,
			);
			sourceTree = "<group>";
		};
		31A744052A69421F00EA9B2F /* Products */ = {
			isa = PBXGroup;
			children = (
				31A744042A69421F00EA9B2F /* quizzler.app */,
			);
			name = Products;
			sourceTree = "<group>";
		};
		31A744062A69421F00EA9B2F /* quizzler */ = {
			isa = PBXGroup;
			children = (
				31A1918B2A6E5CC6001B20C9 /* Controller */,
				31A1918A2A6E5CBE001B20C9 /* View */,
				31A191892A6E5CB7001B20C9 /* Model */,
				31A7441D2A6942C000EA9B2F /* Assets.xcassets */,
				31A744072A69422000EA9B2F /* AppDelegate.swift */,
				31A744092A69422000EA9B2F /* SceneDelegate.swift */,
				31A744122A69422100EA9B2F /* LaunchScreen.storyboard */,
				31A744152A69422100EA9B2F /* Info.plist */,
			);
			path = quizzler;
			sourceTree = "<group>";
		};
/* End PBXGroup section */

/* Begin PBXNativeTarget section */
		31A744032A69421F00EA9B2F /* quizzler */ = {
			isa = PBXNativeTarget;
			buildConfigurationList = 31A744182A69422100EA9B2F /* Build configuration list for PBXNativeTarget "quizzler" */;
			buildPhases = (
				31A744002A69421F00EA9B2F /* Sources */,
				31A744012A69421F00EA9B2F /* Frameworks */,
				31A744022A69421F00EA9B2F /* Resources */,
			);
			buildRules = (
			);
			dependencies = (
			);
			name = quizzler;
			productName = quizzler;
			productReference = 31A744042A69421F00EA9B2F /* quizzler.app */;
			productType = "com.apple.product-type.application";
		};
/* End PBXNativeTarget section */

/* Begin PBXProject section */
		31A743FC2A69421F00EA9B2F /* Project object */ = {
			isa = PBXProject;
			attributes = {
				BuildIndependentTargetsInParallel = 1;
				LastSwiftUpdateCheck = 1430;
				LastUpgradeCheck = 1430;
				TargetAttributes = {
					31A744032A69421F00EA9B2F = {
						CreatedOnToolsVersion = 14.3.1;
					};
				};
			};
			buildConfigurationList = 31A743FF2A69421F00EA9B2F /* Build configuration list for PBXProject "quizzler" */;
			compatibilityVersion = "Xcode 14.0";
			developmentRegion = en;
			hasScannedForEncodings = 0;
			knownRegions = (
				en,
				Base,
			);
			mainGroup = 31A743FB2A69421F00EA9B2F;
			productRefGroup = 31A744052A69421F00EA9B2F /* Products */;
			projectDirPath = "";
			projectRoot = "";
			targets = (
				31A744032A69421F00EA9B2F /* quizzler */,
			);
		};
/* End PBXProject section */

/* Begin PBXResourcesBuildPhase section */
		31A744022A69421F00EA9B2F /* Resources */ = {
			isa = PBXResourcesBuildPhase;
			buildActionMask = 2147483647;
			files = (
				31A744142A69422100EA9B2F /* LaunchScreen.storyboard in Resources */,
				31A7441E2A6942C000EA9B2F /* Assets.xcassets in Resources */,
				31A7440F2A69422000EA9B2F /* Main.storyboard in Resources */,
			);
			runOnlyForDeploymentPostprocessing = 0;
		};
/* End PBXResourcesBuildPhase section */

/* Begin PBXSourcesBuildPhase section */
		31A744002A69421F00EA9B2F /* Sources */ = {
			isa = PBXSourcesBuildPhase;
			buildActionMask = 2147483647;
			files = (
				31A7440C2A69422000EA9B2F /* ViewController.swift in Sources */,
				315EE8752A6BCFAD0022DA14 /* Question.swift in Sources */,
				31A1918D2A6E5D99001B20C9 /* QuizStore.swift in Sources */,
				31A744082A69422000EA9B2F /* AppDelegate.swift in Sources */,
				31A7440A2A69422000EA9B2F /* SceneDelegate.swift in Sources */,
			);
			runOnlyForDeploymentPostprocessing = 0;
		};
/* End PBXSourcesBuildPhase section */

/* Begin PBXVariantGroup section */
		31A7440D2A69422000EA9B2F /* Main.storyboard */ = {
			isa = PBXVariantGroup;
			children = (
				31A7440E2A69422000EA9B2F /* Base */,
			);
			name = Main.storyboard;
			sourceTree = "<group>";
		};
		31A744122A69422100EA9B2F /* LaunchScreen.storyboard */ = {
			isa = PBXVariantGroup;
			children = (
				31A744132A69422100EA9B2F /* Base */,
			);
			name = LaunchScreen.storyboard;
			sourceTree = "<group>";
		};
/* End PBXVariantGroup section */

/* Begin XCBuildConfiguration section */
		31A744162A69422100EA9B2F /* Debug */ = {
			isa = XCBuildConfiguration;
			buildSettings = {
				ALWAYS_SEARCH_USER_PATHS = NO;
				CLANG_ANALYZER_NONNULL = YES;
				CLANG_ANALYZER_NUMBER_OBJECT_CONVERSION = YES_AGGRESSIVE;
				CLANG_CXX_LANGUAGE_STANDARD = "gnu++20";
				CLANG_ENABLE_MODULES = YES;
				CLANG_ENABLE_OBJC_ARC = YES;
				CLANG_ENABLE_OBJC_WEAK = YES;
				CLANG_WARN_BLOCK_CAPTURE_AUTORELEASING = YES;
				CLANG_WARN_BOOL_CONVERSION = YES;
				CLANG_WARN_COMMA = YES;
				CLANG_WARN_CONSTANT_CONVERSION = YES;
				CLANG_WARN_DEPRECATED_OBJC_IMPLEMENTATIONS = YES;
				CLANG_WARN_DIRECT_OBJC_ISA_USAGE = YES_ERROR;
				CLANG_WARN_DOCUMENTATION_COMMENTS = YES;
				CLANG_WARN_EMPTY_BODY = YES;
				CLANG_WARN_ENUM_CONVERSION = YES;
				CLANG_WARN_INFINITE_RECURSION = YES;
				CLANG_WARN_INT_CONVERSION = YES;
				CLANG_WARN_NON_LITERAL_NULL_CONVERSION = YES;
				CLANG_WARN_OBJC_IMPLICIT_RETAIN_SELF = YES;
				CLANG_WARN_OBJC_LITERAL_CONVERSION = YES;
				CLANG_WARN_OBJC_ROOT_CLASS = YES_ERROR;
				CLANG_WARN_QUOTED_INCLUDE_IN_FRAMEWORK_HEADER = YES;
				CLANG_WARN_RANGE_LOOP_ANALYSIS = YES;
				CLANG_WARN_STRICT_PROTOTYPES = YES;
				CLANG_WARN_SUSPICIOUS_MOVE = YES;
				CLANG_WARN_UNGUARDED_AVAILABILITY = YES_AGGRESSIVE;
				CLANG_WARN_UNREACHABLE_CODE = YES;
				CLANG_WARN__DUPLICATE_METHOD_MATCH = YES;
				COPY_PHASE_STRIP = NO;
				DEBUG_INFORMATION_FORMAT = dwarf;
				ENABLE_STRICT_OBJC_MSGSEND = YES;
				ENABLE_TESTABILITY = YES;
				GCC_C_LANGUAGE_STANDARD = gnu11;
				GCC_DYNAMIC_NO_PIC = NO;
				GCC_NO_COMMON_BLOCKS = YES;
				GCC_OPTIMIZATION_LEVEL = 0;
				GCC_PREPROCESSOR_DEFINITIONS = (
					"DEBUG=1",
					"$(inherited)",
				);
				GCC_WARN_64_TO_32_BIT_CONVERSION = YES;
				GCC_WARN_ABOUT_RETURN_TYPE = YES_ERROR;
				GCC_WARN_UNDECLARED_SELECTOR = YES;
				GCC_WARN_UNINITIALIZED_AUTOS = YES_AGGRESSIVE;
				GCC_WARN_UNUSED_FUNCTION = YES;
				GCC_WARN_UNUSED_VARIABLE = YES;
				IPHONEOS_DEPLOYMENT_TARGET = 16.4;
				MTL_ENABLE_DEBUG_INFO = INCLUDE_SOURCE;
				MTL_FAST_MATH = YES;
				ONLY_ACTIVE_ARCH = YES;
				SDKROOT = iphoneos;
				SWIFT_ACTIVE_COMPILATION_CONDITIONS = DEBUG;
				SWIFT_OPTIMIZATION_LEVEL = "-Onone";
			};
			name = Debug;
		};
		31A744172A69422100EA9B2F /* Release */ = {
			isa = XCBuildConfiguration;
			buildSettings = {
				ALWAYS_SEARCH_USER_PATHS = NO;
				CLANG_ANALYZER_NONNULL = YES;
				CLANG_ANALYZER_NUMBER_OBJECT_CONVERSION = YES_AGGRESSIVE;
				CLANG_CXX_LANGUAGE_STANDARD = "gnu++20";
				CLANG_ENABLE_MODULES = YES;
				CLANG_ENABLE_OBJC_ARC = YES;
				CLANG_ENABLE_OBJC_WEAK = YES;
				CLANG_WARN_BLOCK_CAPTURE_AUTORELEASING = YES;
				CLANG_WARN_BOOL_CONVERSION = YES;
				CLANG_WARN_COMMA = YES;
				CLANG_WARN_CONSTANT_CONVERSION = YES;
				CLANG_WARN_DEPRECATED_OBJC_IMPLEMENTATIONS = YES;
				CLANG_WARN_DIRECT_OBJC_ISA_USAGE = YES_ERROR;
				CLANG_WARN_DOCUMENTATION_COMMENTS = YES;
				CLANG_WARN_EMPTY_BODY = YES;
				CLANG_WARN_ENUM_CONVERSION = YES;
				CLANG_WARN_INFINITE_RECURSION = YES;
				CLANG_WARN_INT_CONVERSION = YES;
				CLANG_WARN_NON_LITERAL_NULL_CONVERSION = YES;
				CLANG_WARN_OBJC_IMPLICIT_RETAIN_SELF = YES;
				CLANG_WARN_OBJC_LITERAL_CONVERSION = YES;
				CLANG_WARN_OBJC_ROOT_CLASS = YES_ERROR;
				CLANG_WARN_QUOTED_INCLUDE_IN_FRAMEWORK_HEADER = YES;
				CLANG_WARN_RANGE_LOOP_ANALYSIS = YES;
				CLANG_WARN_STRICT_PROTOTYPES = YES;
				CLANG_WARN_SUSPICIOUS_MOVE = YES;
				CLANG_WARN_UNGUARDED_AVAILABILITY = YES_AGGRESSIVE;
				CLANG_WARN_UNREACHABLE_CODE = YES;
				CLANG_WARN__DUPLICATE_METHOD_MATCH = YES;
				COPY_PHASE_STRIP = NO;
				DEBUG_INFORMATION_FORMAT = "dwarf-with-dsym";
				ENABLE_NS_ASSERTIONS = NO;
				ENABLE_STRICT_OBJC_MSGSEND = YES;
				GCC_C_LANGUAGE_STANDARD = gnu11;
				GCC_NO_COMMON_BLOCKS = YES;
				GCC_WARN_64_TO_32_BIT_CONVERSION = YES;
				GCC_WARN_ABOUT_RETURN_TYPE = YES_ERROR;
				GCC_WARN_UNDECLARED_SELECTOR = YES;
				GCC_WARN_UNINITIALIZED_AUTOS = YES_AGGRESSIVE;
				GCC_WARN_UNUSED_FUNCTION = YES;
				GCC_WARN_UNUSED_VARIABLE = YES;
				IPHONEOS_DEPLOYMENT_TARGET = 16.4;
				MTL_ENABLE_DEBUG_INFO = NO;
				MTL_FAST_MATH = YES;
				SDKROOT = iphoneos;
				SWIFT_COMPILATION_MODE = wholemodule;
				SWIFT_OPTIMIZATION_LEVEL = "-O";
				VALIDATE_PRODUCT = YES;
			};
			name = Release;
		};
		31A744192A69422100EA9B2F /* Debug */ = {
			isa = XCBuildConfiguration;
			buildSettings = {
				ASSETCATALOG_COMPILER_APPICON_NAME = AppIcon;
				ASSETCATALOG_COMPILER_GLOBAL_ACCENT_COLOR_NAME = AccentColor;
				CODE_SIGN_STYLE = Automatic;
				CURRENT_PROJECT_VERSION = 1;
				GENERATE_INFOPLIST_FILE = YES;
				INFOPLIST_FILE = quizzler/Info.plist;
				INFOPLIST_KEY_UIApplicationSupportsIndirectInputEvents = YES;
				INFOPLIST_KEY_UILaunchStoryboardName = LaunchScreen;
				INFOPLIST_KEY_UIMainStoryboardFile = Main;
				INFOPLIST_KEY_UISupportedInterfaceOrientations_iPad = "UIInterfaceOrientationPortrait UIInterfaceOrientationPortraitUpsideDown UIInterfaceOrientationLandscapeLeft UIInterfaceOrientationLandscapeRight";
				INFOPLIST_KEY_UISupportedInterfaceOrientations_iPhone = "UIInterfaceOrientationPortrait UIInterfaceOrientationLandscapeLeft UIInterfaceOrientationLandscapeRight";
				LD_RUNPATH_SEARCH_PATHS = (
					"$(inherited)",
					"@executable_path/Frameworks",
				);
				MARKETING_VERSION = 1.0;
				PRODUCT_BUNDLE_IDENTIFIER = com.faridhamza.quizzler;
				PRODUCT_NAME = "$(TARGET_NAME)";
				SWIFT_EMIT_LOC_STRINGS = YES;
				SWIFT_VERSION = 5.0;
				TARGETED_DEVICE_FAMILY = "1,2";
			};
			name = Debug;
		};
		31A7441A2A69422100EA9B2F /* Release */ = {
			isa = XCBuildConfiguration;
			buildSettings = {
				ASSETCATALOG_COMPILER_APPICON_NAME = AppIcon;
				ASSETCATALOG_COMPILER_GLOBAL_ACCENT_COLOR_NAME = AccentColor;
				CODE_SIGN_STYLE = Automatic;
				CURRENT_PROJECT_VERSION = 1;
				GENERATE_INFOPLIST_FILE = YES;
				INFOPLIST_FILE = quizzler/Info.plist;
				INFOPLIST_KEY_UIApplicationSupportsIndirectInputEvents = YES;
				INFOPLIST_KEY_UILaunchStoryboardName = LaunchScreen;
				INFOPLIST_KEY_UIMainStoryboardFile = Main;
				INFOPLIST_KEY_UISupportedInterfaceOrientations_iPad = "UIInterfaceOrientationPortrait UIInterfaceOrientationPortraitUpsideDown UIInterfaceOrientationLandscapeLeft UIInterfaceOrientationLandscapeRight";
				INFOPLIST_KEY_UISupportedInterfaceOrientations_iPhone = "UIInterfaceOrientationPortrait UIInterfaceOrientationLandscapeLeft UIInterfaceOrientationLandscapeRight";
				LD_RUNPATH_SEARCH_PATHS = (
					"$(inherited)",
					"@executable_path/Frameworks",
				);
				MARKETING_VERSION = 1.0;
				PRODUCT_BUNDLE_IDENTIFIER = com.faridhamza.quizzler;
				PRODUCT_NAME = "$(TARGET_NAME)";
				SWIFT_EMIT_LOC_STRINGS = YES;
				SWIFT_VERSION = 5.0;
				TARGETED_DEVICE_FAMILY = "1,2";
			};
			name = Release;
		};
/* End XCBuildConfiguration section */

/* Begin XCConfigurationList section */
		31A743FF2A69421F00EA9B2F /* Build configuration list for PBXProject "quizzler" */ = {
			isa = XCConfigurationList;
			buildConfigurations = (
				31A744162A69422100EA9B2F /* Debug */,
				31A744172A69422100EA9B2F /* Release */,
			);
			defaultConfigurationIsVisible = 0;
			defaultConfigurationName = Release;
		};
		31A744182A69422100EA9B2F /* Build configuration list for PBXNativeTarget "quizzler" */ = {
			isa = XCConfigurationList;
			buildConfigurations = (
				31A744192A69422100EA9B2F /* Debug */,
				31A7441A2A69422100EA9B2F /* Release */,
			);
			defaultConfigurationIsVisible = 0;
			defaultConfigurationName = Release;
		};
/* End XCConfigurationList section */
	};
	rootObject = 31A743FC2A69421F00EA9B2F /* Project object */;
}
